
Microsoft Visual Studio Solution File, Format Version 12.00
# Visual Studio Version 17
VisualStudioVersion = 17.5.002.0
MinimumVisualStudioVersion = 10.0.40219.1
Project("{9A19103F-16F7-4668-BE54-9A1E7A4F7556}") = "RazorPages", "RazorPages.csproj", "{DBEC2862-0860-4D82-9AFA-DE1C1EAB4B4B}"
EndProject
Global
	GlobalSection(SolutionConfigurationPlatforms) = preSolution
		Debug|Any CPU = Debug|Any CPU
		Release|Any CPU = Release|Any CPU
	EndGlobalSection
	GlobalSection(ProjectConfigurationPlatforms) = postSolution
		{DBEC2862-0860-4D82-9AFA-DE1C1EAB4B4B}.Debug|Any CPU.ActiveCfg = Debug|Any CPU
		{DBEC2862-0860-4D82-9AFA-DE1C1EAB4B4B}.Debug|Any CPU.Build.0 = Debug|Any CPU
		{DBEC2862-0860-4D82-9AFA-DE1C1EAB4B4B}.Release|Any CPU.ActiveCfg = Release|Any CPU
		{DBEC2862-0860-4D82-9AFA-DE1C1EAB4B4B}.Release|Any CPU.Build.0 = Release|Any CPU
	EndGlobalSection
	GlobalSection(SolutionProperties) = preSolution
		HideSolutionNode = FALSE
	EndGlobalSection
	GlobalSection(ExtensibilityGlobals) = postSolution
		SolutionGuid = {91771C60-F8FB-4380-9359-0F6A52FAA1FA}
	EndGlobalSection
EndGlobal
